// !$*UTF8*$!
{
	archiveVersion = 1;
	classes = {
	};
	objectVersion = 50;
	objects = {

/* Begin PBXBuildFile section */
		0772F4E426C6F411007132C4 /* SignUpController.swift in Sources */ = {isa = PBXBuildFile; fileRef = 0772F4E326C6F411007132C4 /* SignUpController.swift */; };
		0772F4E626C7012A007132C4 /* MapViewController.swift in Sources */ = {isa = PBXBuildFile; fileRef = 0772F4E526C7012A007132C4 /* MapViewController.swift */; };
		07C3E01D26C6D726009CF940 /* AppDelegate.swift in Sources */ = {isa = PBXBuildFile; fileRef = 07C3E01C26C6D726009CF940 /* AppDelegate.swift */; };
		07C3E01F26C6D726009CF940 /* SceneDelegate.swift in Sources */ = {isa = PBXBuildFile; fileRef = 07C3E01E26C6D726009CF940 /* SceneDelegate.swift */; };
		07C3E02126C6D726009CF940 /* ViewController.swift in Sources */ = {isa = PBXBuildFile; fileRef = 07C3E02026C6D726009CF940 /* ViewController.swift */; };
		07C3E02426C6D726009CF940 /* Main.storyboard in Resources */ = {isa = PBXBuildFile; fileRef = 07C3E02226C6D726009CF940 /* Main.storyboard */; };
		07C3E02626C6D735009CF940 /* Assets.xcassets in Resources */ = {isa = PBXBuildFile; fileRef = 07C3E02526C6D735009CF940 /* Assets.xcassets */; };
		07C3E02926C6D735009CF940 /* LaunchScreen.storyboard in Resources */ = {isa = PBXBuildFile; fileRef = 07C3E02726C6D735009CF940 /* LaunchScreen.storyboard */; };
/* End PBXBuildFile section */

/* Begin PBXFileReference section */
		0772F4E326C6F411007132C4 /* SignUpController.swift */ = {isa = PBXFileReference; lastKnownFileType = sourcecode.swift; path = SignUpController.swift; sourceTree = "<group>"; };
		0772F4E526C7012A007132C4 /* MapViewController.swift */ = {isa = PBXFileReference; lastKnownFileType = sourcecode.swift; path = MapViewController.swift; sourceTree = "<group>"; };
		07C3E01926C6D726009CF940 /* 2305-Final.app */ = {isa = PBXFileReference; explicitFileType = wrapper.application; includeInIndex = 0; path = "2305-Final.app"; sourceTree = BUILT_PRODUCTS_DIR; };
		07C3E01C26C6D726009CF940 /* AppDelegate.swift */ = {isa = PBXFileReference; lastKnownFileType = sourcecode.swift; path = AppDelegate.swift; sourceTree = "<group>"; };
		07C3E01E26C6D726009CF940 /* SceneDelegate.swift */ = {isa = PBXFileReference; lastKnownFileType = sourcecode.swift; path = SceneDelegate.swift; sourceTree = "<group>"; };
		07C3E02026C6D726009CF940 /* ViewController.swift */ = {isa = PBXFileReference; lastKnownFileType = sourcecode.swift; path = ViewController.swift; sourceTree = "<group>"; };
		07C3E02326C6D726009CF940 /* Base */ = {isa = PBXFileReference; lastKnownFileType = file.storyboard; name = Base; path = Base.lproj/Main.storyboard; sourceTree = "<group>"; };
		07C3E02526C6D735009CF940 /* Assets.xcassets */ = {isa = PBXFileReference; lastKnownFileType = folder.assetcatalog; path = Assets.xcassets; sourceTree = "<group>"; };
		07C3E02826C6D735009CF940 /* Base */ = {isa = PBXFileReference; lastKnownFileType = file.storyboard; name = Base; path = Base.lproj/LaunchScreen.storyboard; sourceTree = "<group>"; };
		07C3E02A26C6D735009CF940 /* Info.plist */ = {isa = PBXFileReference; lastKnownFileType = text.plist.xml; path = Info.plist; sourceTree = "<group>"; };
/* End PBXFileReference section */

/* Begin PBXFrameworksBuildPhase section */
		07C3E01626C6D726009CF940 /* Frameworks */ = {
			isa = PBXFrameworksBuildPhase;
			buildActionMask = 2147483647;
			files = (
			);
			runOnlyForDeploymentPostprocessing = 0;
		};
/* End PBXFrameworksBuildPhase section */

/* Begin PBXGroup section */
		07C3E01026C6D726009CF940 = {
			isa = PBXGroup;
			children = (
				07C3E01B26C6D726009CF940 /* 2305-Final */,
				07C3E01A26C6D726009CF940 /* Products */,
			);
			sourceTree = "<group>";
		};
		07C3E01A26C6D726009CF940 /* Products */ = {
			isa = PBXGroup;
			children = (
				07C3E01926C6D726009CF940 /* 2305-Final.app */,
			);
			name = Products;
			sourceTree = "<group>";
		};
		07C3E01B26C6D726009CF940 /* 2305-Final */ = {
			isa = PBXGroup;
			children = (
				07C3E03026C6D7AB009CF940 /* Controller */,
				07C3E03126C6D7B9009CF940 /* Delegate */,
				07C3E02226C6D726009CF940 /* Main.storyboard */,
				07C3E02526C6D735009CF940 /* Assets.xcassets */,
				07C3E02726C6D735009CF940 /* LaunchScreen.storyboard */,
				07C3E02A26C6D735009CF940 /* Info.plist */,
			);
			path = "2305-Final";
			sourceTree = "<group>";
		};
		07C3E03026C6D7AB009CF940 /* Controller */ = {
			isa = PBXGroup;
			children = (
				07C3E02026C6D726009CF940 /* ViewController.swift */,
				0772F4E326C6F411007132C4 /* SignUpController.swift */,
				0772F4E526C7012A007132C4 /* MapViewController.swift */,
			);
			path = Controller;
			sourceTree = "<group>";
		};
		07C3E03126C6D7B9009CF940 /* Delegate */ = {
			isa = PBXGroup;
			children = (
				07C3E01E26C6D726009CF940 /* SceneDelegate.swift */,
				07C3E01C26C6D726009CF940 /* AppDelegate.swift */,
			);
			path = Delegate;
			sourceTree = "<group>";
		};
/* End PBXGroup section */

/* Begin PBXNativeTarget section */
		07C3E01826C6D726009CF940 /* 2305-Final */ = {
			isa = PBXNativeTarget;
			buildConfigurationList = 07C3E02D26C6D735009CF940 /* Build configuration list for PBXNativeTarget "2305-Final" */;
			buildPhases = (
				07C3E01526C6D726009CF940 /* Sources */,
				07C3E01626C6D726009CF940 /* Frameworks */,
				07C3E01726C6D726009CF940 /* Resources */,
			);
			buildRules = (
			);
			dependencies = (
			);
			name = "2305-Final";
			productName = "2305-Final";
			productReference = 07C3E01926C6D726009CF940 /* 2305-Final.app */;
			productType = "com.apple.product-type.application";
		};
/* End PBXNativeTarget section */

/* Begin PBXProject section */
		07C3E01126C6D726009CF940 /* Project object */ = {
			isa = PBXProject;
			attributes = {
				LastSwiftUpdateCheck = 1250;
				LastUpgradeCheck = 1250;
				TargetAttributes = {
					07C3E01826C6D726009CF940 = {
						CreatedOnToolsVersion = 12.5.1;
					};
				};
			};
			buildConfigurationList = 07C3E01426C6D726009CF940 /* Build configuration list for PBXProject "2305-Final" */;
			compatibilityVersion = "Xcode 9.3";
			developmentRegion = en;
			hasScannedForEncodings = 0;
			knownRegions = (
				en,
				Base,
			);
			mainGroup = 07C3E01026C6D726009CF940;
			productRefGroup = 07C3E01A26C6D726009CF940 /* Products */;
			projectDirPath = "";
			projectRoot = "";
			targets = (
				07C3E01826C6D726009CF940 /* 2305-Final */,
			);
		};
/* End PBXProject section */

/* Begin PBXResourcesBuildPhase section */
		07C3E01726C6D726009CF940 /* Resources */ = {
			isa = PBXResourcesBuildPhase;
			buildActionMask = 2147483647;
			files = (
				07C3E02926C6D735009CF940 /* LaunchScreen.storyboard in Resources */,
				07C3E02626C6D735009CF940 /* Assets.xcassets in Resources */,
				07C3E02426C6D726009CF940 /* Main.storyboard in Resources */,
			);
			runOnlyForDeploymentPostprocessing = 0;
		};
/* End PBXResourcesBuildPhase section */

/* Begin PBXSourcesBuildPhase section */
		07C3E01526C6D726009CF940 /* Sources */ = {
			isa = PBXSourcesBuildPhase;
			buildActionMask = 2147483647;
			files = (
				07C3E02126C6D726009CF940 /* ViewController.swift in Sources */,
				07C3E01D26C6D726009CF940 /* AppDelegate.swift in Sources */,
				07C3E01F26C6D726009CF940 /* SceneDelegate.swift in Sources */,
				0772F4E626C7012A007132C4 /* MapViewController.swift in Sources */,
				0772F4E426C6F411007132C4 /* SignUpController.swift in Sources */,
			);
			runOnlyForDeploymentPostprocessing = 0;
		};
/* End PBXSourcesBuildPhase section */

/* Begin PBXVariantGroup section */
		07C3E02226C6D726009CF940 /* Main.storyboard */ = {
			isa = PBXVariantGroup;
			children = (
				07C3E02326C6D726009CF940 /* Base */,
			);
			name = Main.storyboard;
			sourceTree = "<group>";
		};
		07C3E02726C6D735009CF940 /* LaunchScreen.storyboard */ = {
			isa = PBXVariantGroup;
			children = (
				07C3E02826C6D735009CF940 /* Base */,
			);
			name = LaunchScreen.storyboard;
			sourceTree = "<group>";
		};
/* End PBXVariantGroup section */

/* Begin XCBuildConfiguration section */
		07C3E02B26C6D735009CF940 /* Debug */ = {
			isa = XCBuildConfiguration;
			buildSettings = {
				ALWAYS_SEARCH_USER_PATHS = NO;
				CLANG_ANALYZER_NONNULL = YES;
				CLANG_ANALYZER_NUMBER_OBJECT_CONVERSION = YES_AGGRESSIVE;
				CLANG_CXX_LANGUAGE_STANDARD = "gnu++14";
				CLANG_CXX_LIBRARY = "libc++";
				CLANG_ENABLE_MODULES = YES;
				CLANG_ENABLE_OBJC_ARC = YES;
				CLANG_ENABLE_OBJC_WEAK = YES;
				CLANG_WARN_BLOCK_CAPTURE_AUTORELEASING = YES;
				CLANG_WARN_BOOL_CONVERSION = YES;
				CLANG_WARN_COMMA = YES;
				CLANG_WARN_CONSTANT_CONVERSION = YES;
				CLANG_WARN_DEPRECATED_OBJC_IMPLEMENTATIONS = YES;
				CLANG_WARN_DIRECT_OBJC_ISA_USAGE = YES_ERROR;
				CLANG_WARN_DOCUMENTATION_COMMENTS = YES;
				CLANG_WARN_EMPTY_BODY = YES;
				CLANG_WARN_ENUM_CONVERSION = YES;
				CLANG_WARN_INFINITE_RECURSION = YES;
				CLANG_WARN_INT_CONVERSION = YES;
				CLANG_WARN_NON_LITERAL_NULL_CONVERSION = YES;
				CLANG_WARN_OBJC_IMPLICIT_RETAIN_SELF = YES;
				CLANG_WARN_OBJC_LITERAL_CONVERSION = YES;
				CLANG_WARN_OBJC_ROOT_CLASS = YES_ERROR;
				CLANG_WARN_QUOTED_INCLUDE_IN_FRAMEWORK_HEADER = YES;
				CLANG_WARN_RANGE_LOOP_ANALYSIS = YES;
				CLANG_WARN_STRICT_PROTOTYPES = YES;
				CLANG_WARN_SUSPICIOUS_MOVE = YES;
				CLANG_WARN_UNGUARDED_AVAILABILITY = YES_AGGRESSIVE;
				CLANG_WARN_UNREACHABLE_CODE = YES;
				CLANG_WARN__DUPLICATE_METHOD_MATCH = YES;
				COPY_PHASE_STRIP = NO;
				DEBUG_INFORMATION_FORMAT = dwarf;
				ENABLE_STRICT_OBJC_MSGSEND = YES;
				ENABLE_TESTABILITY = YES;
				GCC_C_LANGUAGE_STANDARD = gnu11;
				GCC_DYNAMIC_NO_PIC = NO;
				GCC_NO_COMMON_BLOCKS = YES;
				GCC_OPTIMIZATION_LEVEL = 0;
				GCC_PREPROCESSOR_DEFINITIONS = (
					"DEBUG=1",
					"$(inherited)",
				);
				GCC_WARN_64_TO_32_BIT_CONVERSION = YES;
				GCC_WARN_ABOUT_RETURN_TYPE = YES_ERROR;
				GCC_WARN_UNDECLARED_SELECTOR = YES;
				GCC_WARN_UNINITIALIZED_AUTOS = YES_AGGRESSIVE;
				GCC_WARN_UNUSED_FUNCTION = YES;
				GCC_WARN_UNUSED_VARIABLE = YES;
				IPHONEOS_DEPLOYMENT_TARGET = 14.5;
				MTL_ENABLE_DEBUG_INFO = INCLUDE_SOURCE;
				MTL_FAST_MATH = YES;
				ONLY_ACTIVE_ARCH = YES;
				SDKROOT = iphoneos;
				SWIFT_ACTIVE_COMPILATION_CONDITIONS = DEBUG;
				SWIFT_OPTIMIZATION_LEVEL = "-Onone";
			};
			name = Debug;
		};
		07C3E02C26C6D735009CF940 /* Release */ = {
			isa = XCBuildConfiguration;
			buildSettings = {
				ALWAYS_SEARCH_USER_PATHS = NO;
				CLANG_ANALYZER_NONNULL = YES;
				CLANG_ANALYZER_NUMBER_OBJECT_CONVERSION = YES_AGGRESSIVE;
				CLANG_CXX_LANGUAGE_STANDARD = "gnu++14";
				CLANG_CXX_LIBRARY = "libc++";
				CLANG_ENABLE_MODULES = YES;
				CLANG_ENABLE_OBJC_ARC = YES;
				CLANG_ENABLE_OBJC_WEAK = YES;
				CLANG_WARN_BLOCK_CAPTURE_AUTORELEASING = YES;
				CLANG_WARN_BOOL_CONVERSION = YES;
				CLANG_WARN_COMMA = YES;
				CLANG_WARN_CONSTANT_CONVERSION = YES;
				CLANG_WARN_DEPRECATED_OBJC_IMPLEMENTATIONS = YES;
				CLANG_WARN_DIRECT_OBJC_ISA_USAGE = YES_ERROR;
				CLANG_WARN_DOCUMENTATION_COMMENTS = YES;
				CLANG_WARN_EMPTY_BODY = YES;
				CLANG_WARN_ENUM_CONVERSION = YES;
				CLANG_WARN_INFINITE_RECURSION = YES;
				CLANG_WARN_INT_CONVERSION = YES;
				CLANG_WARN_NON_LITERAL_NULL_CONVERSION = YES;
				CLANG_WARN_OBJC_IMPLICIT_RETAIN_SELF = YES;
				CLANG_WARN_OBJC_LITERAL_CONVERSION = YES;
				CLANG_WARN_OBJC_ROOT_CLASS = YES_ERROR;
				CLANG_WARN_QUOTED_INCLUDE_IN_FRAMEWORK_HEADER = YES;
				CLANG_WARN_RANGE_LOOP_ANALYSIS = YES;
				CLANG_WARN_STRICT_PROTOTYPES = YES;
				CLANG_WARN_SUSPICIOUS_MOVE = YES;
				CLANG_WARN_UNGUARDED_AVAILABILITY = YES_AGGRESSIVE;
				CLANG_WARN_UNREACHABLE_CODE = YES;
				CLANG_WARN__DUPLICATE_METHOD_MATCH = YES;
				COPY_PHASE_STRIP = NO;
				DEBUG_INFORMATION_FORMAT = "dwarf-with-dsym";
				ENABLE_NS_ASSERTIONS = NO;
				ENABLE_STRICT_OBJC_MSGSEND = YES;
				GCC_C_LANGUAGE_STANDARD = gnu11;
				GCC_NO_COMMON_BLOCKS = YES;
				GCC_WARN_64_TO_32_BIT_CONVERSION = YES;
				GCC_WARN_ABOUT_RETURN_TYPE = YES_ERROR;
				GCC_WARN_UNDECLARED_SELECTOR = YES;
				GCC_WARN_UNINITIALIZED_AUTOS = YES_AGGRESSIVE;
				GCC_WARN_UNUSED_FUNCTION = YES;
				GCC_WARN_UNUSED_VARIABLE = YES;
				IPHONEOS_DEPLOYMENT_TARGET = 14.5;
				MTL_ENABLE_DEBUG_INFO = NO;
				MTL_FAST_MATH = YES;
				SDKROOT = iphoneos;
				SWIFT_COMPILATION_MODE = wholemodule;
				SWIFT_OPTIMIZATION_LEVEL = "-O";
				VALIDATE_PRODUCT = YES;
			};
			name = Release;
		};
		07C3E02E26C6D735009CF940 /* Debug */ = {
			isa = XCBuildConfiguration;
			buildSettings = {
				ASSETCATALOG_COMPILER_APPICON_NAME = AppIcon;
				ASSETCATALOG_COMPILER_GLOBAL_ACCENT_COLOR_NAME = AccentColor;
				CODE_SIGN_STYLE = Automatic;
				DEVELOPMENT_TEAM = AZ99N6F6UH;
				INFOPLIST_FILE = "2305-Final/Info.plist";
				LD_RUNPATH_SEARCH_PATHS = (
					"$(inherited)",
					"@executable_path/Frameworks",
				);
				PRODUCT_BUNDLE_IDENTIFIER = "CSTP2305.-305-Final";
				PRODUCT_NAME = "$(TARGET_NAME)";
				SWIFT_VERSION = 5.0;
				TARGETED_DEVICE_FAMILY = "1,2";
			};
			name = Debug;
		};
		07C3E02F26C6D735009CF940 /* Release */ = {
			isa = XCBuildConfiguration;
			buildSettings = {
				ASSETCATALOG_COMPILER_APPICON_NAME = AppIcon;
				ASSETCATALOG_COMPILER_GLOBAL_ACCENT_COLOR_NAME = AccentColor;
				CODE_SIGN_STYLE = Automatic;
				DEVELOPMENT_TEAM = AZ99N6F6UH;
				INFOPLIST_FILE = "2305-Final/Info.plist";
				LD_RUNPATH_SEARCH_PATHS = (
					"$(inherited)",
					"@executable_path/Frameworks",
				);
				PRODUCT_BUNDLE_IDENTIFIER = "CSTP2305.-305-Final";
				PRODUCT_NAME = "$(TARGET_NAME)";
				SWIFT_VERSION = 5.0;
				TARGETED_DEVICE_FAMILY = "1,2";
			};
			name = Release;
		};
/* End XCBuildConfiguration section */

/* Begin XCConfigurationList section */
		07C3E01426C6D726009CF940 /* Build configuration list for PBXProject "2305-Final" */ = {
			isa = XCConfigurationList;
			buildConfigurations = (
				07C3E02B26C6D735009CF940 /* Debug */,
				07C3E02C26C6D735009CF940 /* Release */,
			);
			defaultConfigurationIsVisible = 0;
			defaultConfigurationName = Release;
		};
		07C3E02D26C6D735009CF940 /* Build configuration list for PBXNativeTarget "2305-Final" */ = {
			isa = XCConfigurationList;
			buildConfigurations = (
				07C3E02E26C6D735009CF940 /* Debug */,
				07C3E02F26C6D735009CF940 /* Release */,
			);
			defaultConfigurationIsVisible = 0;
			defaultConfigurationName = Release;
		};
/* End XCConfigurationList section */
	};
	rootObject = 07C3E01126C6D726009CF940 /* Project object */;
}
